
Microsoft Visual Studio Solution File, Format Version 12.00
# Visual Studio 2012
Project("{FAE04EC0-301F-11D3-BF4B-00C04F79EFBC}") = "FancyFileRenamer", "FancyFileRenamer\FancyFileRenamer.csproj", "{520BC503-26D3-46D2-9E2B-688D9160CA41}"
EndProject
Project("{FAE04EC0-301F-11D3-BF4B-00C04F79EFBC}") = "Tests", "Tests\Tests.csproj", "{D0901D27-8636-43B5-846B-6FA423B42907}"
EndProject
Project("{FAE04EC0-301F-11D3-BF4B-00C04F79EFBC}") = "FancyFileRenamerWpf", "FancyFileRenamerWpf\FancyFileRenamerWpf.csproj", "{970E639D-3381-41AD-B77F-909D0D361171}"
EndProject
Global
	GlobalSection(SolutionConfigurationPlatforms) = preSolution
		Debug|Any CPU = Debug|Any CPU
		Release|Any CPU = Release|Any CPU
	EndGlobalSection
	GlobalSection(ProjectConfigurationPlatforms) = postSolution
		{520BC503-26D3-46D2-9E2B-688D9160CA41}.Debug|Any CPU.ActiveCfg = Debug|Any CPU
		{520BC503-26D3-46D2-9E2B-688D9160CA41}.Debug|Any CPU.Build.0 = Debug|Any CPU
		{520BC503-26D3-46D2-9E2B-688D9160CA41}.Release|Any CPU.ActiveCfg = Release|Any CPU
		{520BC503-26D3-46D2-9E2B-688D9160CA41}.Release|Any CPU.Build.0 = Release|Any CPU
		{D0901D27-8636-43B5-846B-6FA423B42907}.Debug|Any CPU.ActiveCfg = Debug|Any CPU
		{D0901D27-8636-43B5-846B-6FA423B42907}.Debug|Any CPU.Build.0 = Debug|Any CPU
		{D0901D27-8636-43B5-846B-6FA423B42907}.Release|Any CPU.ActiveCfg = Release|Any CPU
		{D0901D27-8636-43B5-846B-6FA423B42907}.Release|Any CPU.Build.0 = Release|Any CPU
		{970E639D-3381-41AD-B77F-909D0D361171}.Debug|Any CPU.ActiveCfg = Debug|Any CPU
		{970E639D-3381-41AD-B77F-909D0D361171}.Debug|Any CPU.Build.0 = Debug|Any CPU
		{970E639D-3381-41AD-B77F-909D0D361171}.Release|Any CPU.ActiveCfg = Release|Any CPU
		{970E639D-3381-41AD-B77F-909D0D361171}.Release|Any CPU.Build.0 = Release|Any CPU
	EndGlobalSection
	GlobalSection(SolutionProperties) = preSolution
		HideSolutionNode = FALSE
	EndGlobalSection
EndGlobal
